
Microsoft Visual Studio Solution File, Format Version 12.00
# Visual Studio 15
VisualStudioVersion = 15.0.28010.2036
MinimumVisualStudioVersion = 10.0.40219.1
Project("{FAE04EC0-301F-11D3-BF4B-00C04F79EFBC}") = "webappgithub", "webappgithub\webappgithub.csproj", "{6B5A3FA1-6CC3-4691-B205-6CD807D5DA34}"
EndProject
Global
	GlobalSection(SolutionConfigurationPlatforms) = preSolution
		Debug|Any CPU = Debug|Any CPU
		Release|Any CPU = Release|Any CPU
	EndGlobalSection
	GlobalSection(ProjectConfigurationPlatforms) = postSolution
		{6B5A3FA1-6CC3-4691-B205-6CD807D5DA34}.Debug|Any CPU.ActiveCfg = Debug|Any CPU
		{6B5A3FA1-6CC3-4691-B205-6CD807D5DA34}.Debug|Any CPU.Build.0 = Debug|Any CPU
		{6B5A3FA1-6CC3-4691-B205-6CD807D5DA34}.Release|Any CPU.ActiveCfg = Release|Any CPU
		{6B5A3FA1-6CC3-4691-B205-6CD807D5DA34}.Release|Any CPU.Build.0 = Release|Any CPU
	EndGlobalSection
	GlobalSection(SolutionProperties) = preSolution
		HideSolutionNode = FALSE
	EndGlobalSection
	GlobalSection(ExtensibilityGlobals) = postSolution
		SolutionGuid = {2B8D833B-B814-40E2-960D-DB1D8E100E4B}
	EndGlobalSection
EndGlobal
